<?xml version="1.0" encoding="utf-8"?>
<Project ToolsVersion="4.0" xmlns="http://schemas.microsoft.com/developer/msbuild/2003">
  <ItemGroup>
    <ClCompile Include="DxGameClient.cpp" />
    <ClCompile Include="program\dxlib_ext\create_mesh\dxlib_ext_mesh_barrel.cpp" />
    <ClCompile Include="program\dxlib_ext\create_mesh\dxlib_ext_mesh_box.cpp" />
    <ClCompile Include="program\dxlib_ext\create_mesh\dxlib_ext_mesh_cone.cpp" />
    <ClCompile Include="program\dxlib_ext\create_mesh\dxlib_ext_mesh_cone_cylinder.cpp" />
    <ClCompile Include="program\dxlib_ext\create_mesh\dxlib_ext_mesh_cylinder.cpp" />
    <ClCompile Include="program\dxlib_ext\create_mesh\dxlib_ext_mesh_disk.cpp" />
    <ClCompile Include="program\dxlib_ext\create_mesh\dxlib_ext_mesh_disk_ring.cpp" />
    <ClCompile Include="program\dxlib_ext\create_mesh\dxlib_ext_mesh_dome.cpp" />
    <ClCompile Include="program\dxlib_ext\create_mesh\dxlib_ext_mesh_from_height_map.cpp" />
    <ClCompile Include="program\dxlib_ext\create_mesh\dxlib_ext_mesh_half_barrel.cpp" />
    <ClCompile Include="program\dxlib_ext\create_mesh\dxlib_ext_mesh_hollw_out_disk_plane.cpp" />
    <ClCompile Include="program\dxlib_ext\create_mesh\dxlib_ext_mesh_obj.cpp" />
    <ClCompile Include="program\dxlib_ext\create_mesh\dxlib_ext_mesh_plane.cpp" />
    <ClCompile Include="program\dxlib_ext\create_mesh\dxlib_ext_mesh_sphere.cpp" />
    <ClCompile Include="program\dxlib_ext\create_mesh\dxlib_ext_mesh_torus.cpp" />
    <ClCompile Include="program\dxlib_ext\create_mesh\dxlib_ext_mesh_triangle_equilateral.cpp" />
    <ClCompile Include="program\dxlib_ext\create_mesh\dxlib_ext_mesh_triangle_isosceles.cpp" />
    <ClCompile Include="program\dxlib_ext\create_mesh\dxlib_ext_mesh_triangle_right.cpp" />
    <ClCompile Include="program\dxlib_ext\dxlib_ext.cpp" />
    <ClCompile Include="program\dxlib_ext\dxlib_ext_data.cpp" />
    <ClCompile Include="program\dxlib_ext\dxlib_ext_mesh.cpp" />
    <ClCompile Include="program\dxlib_ext\dxlib_ext_texture.cpp" />
    <ClCompile Include="program\dxlib_ext\OBJLoader.cpp" />
    <ClCompile Include="program\game\Actor\Actor.cpp" />
    <ClCompile Include="program\game\Actor\Player.cpp" />
    <ClCompile Include="program\game\ChatBase.cpp" />
    <ClCompile Include="program\game\Connect.cpp" />
    <ClCompile Include="program\game\GameManager.cpp" />
    <ClCompile Include="program\game\main.cpp" />
    <ClCompile Include="program\game\SceneManager.cpp" />
    <ClCompile Include="program\game\scene\scene_map.cpp" />
    <ClCompile Include="program\game\scene\scene_title.cpp" />
    <ClCompile Include="program\library\tnl_font_texture.cpp" />
    <ClCompile Include="program\library\tnl_input.cpp" />
    <ClCompile Include="program\library\tnl_intersect.cpp" />
    <ClCompile Include="program\library\tnl_json.cpp" />
    <ClCompile Include="program\library\tnl_math.cpp" />
    <ClCompile Include="program\library\tnl_matrix.cpp" />
    <ClCompile Include="program\library\tnl_quaternion.cpp" />
    <ClCompile Include="program\library\tnl_seek_unit.cpp" />
    <ClCompile Include="program\library\tnl_util.cpp" />
    <ClCompile Include="program\library\tnl_vector.cpp" />
    <ClCompile Include="program\json11.cpp" />
    <ClCompile Include="program\game\Actor\ActorData.cpp" />
    <ClCompile Include="program\game\Item\Item.cpp" />
    <ClCompile Include="program\game\Item\EquipItem.cpp" />
    <ClCompile Include="program\game\scene\Map.cpp" />
    <ClCompile Include="program\game\Actor\Enemy.cpp" />
    <ClCompile Include="program\game\EnemyManager.cpp" />
    <ClCompile Include="program\game\Actor\DummyPlayer.cpp" />
    <ClCompile Include="program\game\Item\ItemSpawnManager.cpp" />
    <ClCompile Include="program\game\Item\ItemManager.cpp" />
    <ClCompile Include="program\game\BattleLogic.cpp" />
    <ClCompile Include="program\game\Effect.cpp" />
    <ClCompile Include="program\game\EffectManager.cpp" />
    <ClCompile Include="program\game\EnemySpawnManager.cpp" />
    <ClCompile Include="program\game\Job.cpp" />
    <ClCompile Include="program\game\JobManager.cpp" />
    <ClCompile Include="program\game\ResourceManager.cpp" />
    <ClCompile Include="program\game\Skill.cpp" />
    <ClCompile Include="program\game\SkillManager.cpp" />
    <ClCompile Include="program\game\SpecialSkillEffect.cpp" />
    <ClCompile Include="program\game\Talent.cpp" />
    <ClCompile Include="program\game\TalentManager.cpp" />
    <ClCompile Include="program\game\Animation.cpp" />
    <ClCompile Include="program\game\UI\Graphic.cpp" />
    <ClCompile Include="program\game\UI\GraphicUI.cpp" />
    <ClCompile Include="program\game\UI\UIEditor.cpp" />
    <ClCompile Include="program\game\UI\UIManager.cpp" />
    <ClCompile Include="program\game\scene\LoginScene.cpp" />
    <ClCompile Include="program\game\Inventory.cpp" />
    <ClCompile Include="program\game\InventoryManager.cpp" />
    <ClCompile Include="program\game\Actor\NPC\NPC.cpp" />
    <ClCompile Include="program\game\Actor\NPC\SupportNPC.cpp" />
    <ClCompile Include="program\game\Actor\NPC\NPCSpeak.cpp" />
    <ClCompile Include="program\game\Actor\NPC\NPCManager.cpp" />
    <ClCompile Include="program\game\Item\ConsumeItem.cpp" />
    <ClCompile Include="program\game\Actor\ActorDrawManager.cpp" />
  </ItemGroup>
  <ItemGroup>
    <ResourceCompile Include="DxGameClient.rc" />
  </ItemGroup>
  <ItemGroup>
    <ClInclude Include="program\json11.hpp" />
    <ClInclude Include="program\game\Actor\ActorData.h" />
    <ClInclude Include="program\game\Item\Item.h" />
    <ClInclude Include="program\game\Item\EquipItem.h" />
    <ClInclude Include="DxGameClient.h" />
    <ClInclude Include="framework.h" />
    <ClInclude Include="program\dxlib_ext\dxlib_ext.h" />
    <ClInclude Include="program\dxlib_ext\dxlib_ext_camera.h" />
    <ClInclude Include="program\dxlib_ext\dxlib_ext_data.h" />
    <ClInclude Include="program\dxlib_ext\dxlib_ext_mesh.h" />
    <ClInclude Include="program\dxlib_ext\dxlib_ext_texture.h" />
    <ClInclude Include="program\dxlib_ext\OBJLoader.h" />
    <ClInclude Include="program\game\Actor\Actor.h" />
    <ClInclude Include="program\game\Actor\Camera.h" />
    <ClInclude Include="program\game\Actor\Player.h" />
    <ClInclude Include="program\game\ChatBase.h" />
    <ClInclude Include="program\game\Connect.h" />
    <ClInclude Include="program\game\GameManager.h" />
    <ClInclude Include="program\game\main.h" />
    <ClInclude Include="program\game\Map.h" />
    <ClInclude Include="program\game\SceneManager.h" />
    <ClInclude Include="program\game\scene\Map.h" />
    <ClInclude Include="program\game\scene\scene_base.h" />
    <ClInclude Include="program\game\scene\scene_map.h" />
    <ClInclude Include="program\game\scene\scene_title.h" />
    <ClInclude Include="program\library\picojson.h" />
    <ClInclude Include="program\library\stb_image.h" />
    <ClInclude Include="program\library\tnl_flyweight_map.h" />
    <ClInclude Include="program\library\tnl_font_texture.h" />
    <ClInclude Include="program\library\tnl_hierarchy_tree.h" />
    <ClInclude Include="program\library\tnl_input.h" />
    <ClInclude Include="program\library\tnl_intersect.h" />
    <ClInclude Include="program\library\tnl_json.h" />
    <ClInclude Include="program\library\tnl_link_linear.h" />
    <ClInclude Include="program\library\tnl_math.h" />
    <ClInclude Include="program\library\tnl_matrix.h" />
    <ClInclude Include="program\library\tnl_quaternion.h" />
    <ClInclude Include="program\library\tnl_seek_unit.h" />
    <ClInclude Include="program\library\tnl_sequence.h" />
    <ClInclude Include="program\library\tnl_shared_factory.h" />
    <ClInclude Include="program\library\tnl_timer_callback.h" />
    <ClInclude Include="program\library\tnl_timer_fluct.h" />
    <ClInclude Include="program\library\tnl_using.h" />
    <ClInclude Include="program\library\tnl_util.h" />
    <ClInclude Include="program\library\tnl_vector.h" />
    <ClInclude Include="program\tnl_build_switch.h" />
    <ClInclude Include="Resource.h" />
    <ClInclude Include="targetver.h" />
    <ClInclude Include="program\game\Actor\Enemy.h" />
    <ClInclude Include="program\game\EnemyManager.h" />
    <ClInclude Include="program\game\Actor\DummyPlayer.h" />
    <ClInclude Include="program\game\Item\ItemSpawnManager.h" />
    <ClInclude Include="program\game\Item\ItemManager.h" />
    <ClInclude Include="program\game\BattleLogic.h" />
    <ClInclude Include="program\game\Effect.h" />
    <ClInclude Include="program\game\EffectManager.h" />
    <ClInclude Include="program\game\EnemySpawnManager.h" />
    <ClInclude Include="program\game\Job.h" />
    <ClInclude Include="program\game\JobManager.h" />
    <ClInclude Include="program\game\ResourceManager.h" />
    <ClInclude Include="program\game\Skill.h" />
    <ClInclude Include="program\game\SkillManager.h" />
    <ClInclude Include="program\game\SpecialSkillEffect.h" />
    <ClInclude Include="program\game\Talent.h" />
    <ClInclude Include="program\game\TalentManager.h" />
    <ClInclude Include="program\game\Animation.h" />
    <ClInclude Include="program\game\UI\Graphic.h" />
    <ClInclude Include="program\game\UI\GraphicUI.h" />
    <ClInclude Include="program\game\UI\UIEditor.h" />
    <ClInclude Include="program\game\UI\UIManager.h" />
    <ClInclude Include="program\game\scene\LoginScene.h" />
    <ClInclude Include="program\game\Inventory.h" />
    <ClInclude Include="program\game\InventoryManager.h" />
    <ClInclude Include="program\game\Actor\NPC\NPC.h" />
    <ClInclude Include="program\game\Actor\NPC\SupportNPC.h" />
    <ClInclude Include="program\game\Actor\NPC\NPCSpeak.h" />
    <ClInclude Include="program\game\Actor\NPC\NPCManager.h" />
    <ClInclude Include="program\game\Item\ConsumeItem.h" />
    <ClInclude Include="program\game\Actor\ActorDrawManager.h" />
    <ClInclude Include="program\game\DebugDef.h" />
  </ItemGroup>
  <ItemGroup>
    <ClCompile Include="DxGameClient.cpp">
      <Filter>ソース ファイル</Filter>
    </ClCompile>
    <ClCompile Include="program\dxlib_ext\create_mesh\dxlib_ext_mesh_barrel.cpp">
      <Filter>ソース ファイル</Filter>
    </ClCompile>
    <ClCompile Include="program\dxlib_ext\create_mesh\dxlib_ext_mesh_box.cpp">
      <Filter>ソース ファイル</Filter>
    </ClCompile>
    <ClCompile Include="program\dxlib_ext\create_mesh\dxlib_ext_mesh_cone.cpp">
      <Filter>ソース ファイル</Filter>
    </ClCompile>
    <ClCompile Include="program\dxlib_ext\create_mesh\dxlib_ext_mesh_cone_cylinder.cpp">
      <Filter>ソース ファイル</Filter>
    </ClCompile>
    <ClCompile Include="program\dxlib_ext\create_mesh\dxlib_ext_mesh_cylinder.cpp">
      <Filter>ソース ファイル</Filter>
    </ClCompile>
    <ClCompile Include="program\dxlib_ext\create_mesh\dxlib_ext_mesh_disk.cpp">
      <Filter>ソース ファイル</Filter>
    </ClCompile>
    <ClCompile Include="program\dxlib_ext\create_mesh\dxlib_ext_mesh_disk_ring.cpp">
      <Filter>ソース ファイル</Filter>
    </ClCompile>
    <ClCompile Include="program\dxlib_ext\create_mesh\dxlib_ext_mesh_dome.cpp">
      <Filter>ソース ファイル</Filter>
    </ClCompile>
    <ClCompile Include="program\dxlib_ext\create_mesh\dxlib_ext_mesh_from_height_map.cpp">
      <Filter>ソース ファイル</Filter>
    </ClCompile>
    <ClCompile Include="program\dxlib_ext\create_mesh\dxlib_ext_mesh_half_barrel.cpp">
      <Filter>ソース ファイル</Filter>
    </ClCompile>
    <ClCompile Include="program\dxlib_ext\create_mesh\dxlib_ext_mesh_hollw_out_disk_plane.cpp">
      <Filter>ソース ファイル</Filter>
    </ClCompile>
    <ClCompile Include="program\dxlib_ext\create_mesh\dxlib_ext_mesh_obj.cpp">
      <Filter>ソース ファイル</Filter>
    </ClCompile>
    <ClCompile Include="program\dxlib_ext\create_mesh\dxlib_ext_mesh_plane.cpp">
      <Filter>ソース ファイル</Filter>
    </ClCompile>
    <ClCompile Include="program\dxlib_ext\create_mesh\dxlib_ext_mesh_sphere.cpp">
      <Filter>ソース ファイル</Filter>
    </ClCompile>
    <ClCompile Include="program\dxlib_ext\create_mesh\dxlib_ext_mesh_torus.cpp">
      <Filter>ソース ファイル</Filter>
    </ClCompile>
    <ClCompile Include="program\dxlib_ext\create_mesh\dxlib_ext_mesh_triangle_equilateral.cpp">
      <Filter>ソース ファイル</Filter>
    </ClCompile>
    <ClCompile Include="program\dxlib_ext\create_mesh\dxlib_ext_mesh_triangle_isosceles.cpp">
      <Filter>ソース ファイル</Filter>
    </ClCompile>
    <ClCompile Include="program\dxlib_ext\create_mesh\dxlib_ext_mesh_triangle_right.cpp">
      <Filter>ソース ファイル</Filter>
    </ClCompile>
    <ClCompile Include="program\dxlib_ext\dxlib_ext.cpp">
      <Filter>ソース ファイル</Filter>
    </ClCompile>
    <ClCompile Include="program\dxlib_ext\dxlib_ext_data.cpp">
      <Filter>ソース ファイル</Filter>
    </ClCompile>
    <ClCompile Include="program\dxlib_ext\dxlib_ext_mesh.cpp">
      <Filter>ソース ファイル</Filter>
    </ClCompile>
    <ClCompile Include="program\dxlib_ext\dxlib_ext_texture.cpp">
      <Filter>ソース ファイル</Filter>
    </ClCompile>
    <ClCompile Include="program\dxlib_ext\OBJLoader.cpp">
      <Filter>ソース ファイル</Filter>
    </ClCompile>
    <ClCompile Include="program\game\GameManager.cpp">
      <Filter>ソース ファイル</Filter>
    </ClCompile>
    <ClCompile Include="program\game\main.cpp">
      <Filter>ソース ファイル</Filter>
    </ClCompile>
    <ClCompile Include="program\game\scene\scene_title.cpp">
      <Filter>ソース ファイル</Filter>
    </ClCompile>
    <ClCompile Include="program\library\tnl_font_texture.cpp">
      <Filter>ソース ファイル</Filter>
    </ClCompile>
    <ClCompile Include="program\library\tnl_input.cpp">
      <Filter>ソース ファイル</Filter>
    </ClCompile>
    <ClCompile Include="program\library\tnl_intersect.cpp">
      <Filter>ソース ファイル</Filter>
    </ClCompile>
    <ClCompile Include="program\library\tnl_json.cpp">
      <Filter>ソース ファイル</Filter>
    </ClCompile>
    <ClCompile Include="program\library\tnl_math.cpp">
      <Filter>ソース ファイル</Filter>
    </ClCompile>
    <ClCompile Include="program\library\tnl_matrix.cpp">
      <Filter>ソース ファイル</Filter>
    </ClCompile>
    <ClCompile Include="program\library\tnl_quaternion.cpp">
      <Filter>ソース ファイル</Filter>
    </ClCompile>
    <ClCompile Include="program\library\tnl_seek_unit.cpp">
      <Filter>ソース ファイル</Filter>
    </ClCompile>
    <ClCompile Include="program\library\tnl_util.cpp">
      <Filter>ソース ファイル</Filter>
    </ClCompile>
    <ClCompile Include="program\library\tnl_vector.cpp">
      <Filter>ソース ファイル</Filter>
    </ClCompile>
    <ClCompile Include="program\game\Actor\Player.cpp">
      <Filter>ソース ファイル</Filter>
    </ClCompile>
    <ClCompile Include="program\game\Actor\Actor.cpp">
      <Filter>ソース ファイル</Filter>
    </ClCompile>
    <ClCompile Include="program\game\SceneManager.cpp">
      <Filter>ソース ファイル</Filter>
    </ClCompile>
    <ClCompile Include="program\game\scene\scene_map.cpp">
      <Filter>ソース ファイル</Filter>
    </ClCompile>
  </ItemGroup>
  <ItemGroup>
    <Image Include="DxGameClient.ico" />
    <Image Include="small.ico" />
    <Image Include="graphics\FrameBlack.png" />
    <Image Include="graphics\FrameWhite.png" />
    <Image Include="graphics\GhostEnemy.png" />
    <Image Include="graphics\LocalMapChip.png" />
    <Image Include="graphics\mapchip.png" />
    <Image Include="graphics\mapchip_grass.png" />
    <Image Include="graphics\mapchip_grass_line.png" />
    <Image Include="graphics\mapchip_sea.png" />
    <Image Include="graphics\Player.png" />
    <Image Include="graphics\player_sample.png" />
    <Image Include="graphics\UIEditor\LoadButton.png" />
    <Image Include="graphics\UIEditor\ModeFreeRatio.png" />
    <Image Include="graphics\UIEditor\ModeNoEdit.png" />
    <Image Include="graphics\UIEditor\ModeSameRatio.png" />
    <Image Include="graphics\UIEditor\ReloadDebug.png" />
    <Image Include="graphics\UIEditor\ReloadDefault.png" />
    <Image Include="graphics\UIEditor\ReloadSaved.png" />
    <Image Include="graphics\UIEditor\ResetButton.png" />
    <Image Include="graphics\UIEditor\ResourceLoadButton.png" />
    <Image Include="graphics\UIEditor\SaveButton.png" />
  </ItemGroup>
  <ItemGroup>
    <None Include="csv\mapchip_island.csv" />
    <None Include="csv\TalentMaster.csv" />
    <None Include="csv\test.csv" />
    <None Include="csv\UI\MakedSaveUI.csv" />
    <None Include="csv\UI\SaveUI.csv" />
    <None Include="csv\UI\TestSaveUI.csv" />
  </ItemGroup>
  <ItemGroup>
    <Text Include="save\myUUID.txt" />
  </ItemGroup>
</Project>